{
  "originHash" : "df38a1cd6b65dbc72a3cb1a4613ba5349fdc01aae58750bf92158d0f06892f86",
  "pins" : [
    {
      "identity" : "alamofire",
      "kind" : "remoteSourceControl",
      "location" : "https://github.com/Alamofire/Alamofire.git",
      "state" : {
        "revision" : "3f99050e75bbc6fe71fc323adabb039756680016",
        "version" : "5.11.1"
      }
    },
    {
      "identity" : "keyboardshortcuts",
      "kind" : "remoteSourceControl",
      "location" : "https://github.com/sindresorhus/KeyboardShortcuts",
      "state" : {
        "revision" : "be789e0fac9ecced6978440b27f696e864f3057d",
        "version" : "1.8.0"
      }
    }
  ],
  "version" : 3
}
